
Microsoft Visual Studio Solution File, Format Version 12.00
# Visual Studio Version 17
VisualStudioVersion = 17.3.32825.248
MinimumVisualStudioVersion = 10.0.40219.1
Project("{FAE04EC0-301F-11D3-BF4B-00C04F79EFBC}") = "Lab5", "Lab5\Lab5.csproj", "{BE7053AF-19A2-4BB7-A105-8BC058D2F563}"
EndProject
Project("{FAE04EC0-301F-11D3-BF4B-00C04F79EFBC}") = "DAL", "DAL\DAL.csproj", "{CD4226A0-15F8-4DCF-AF0B-4B5673900A93}"
EndProject
Project("{FAE04EC0-301F-11D3-BF4B-00C04F79EFBC}") = "DataProviderContract", "DataProviderContract\DataProviderContract.csproj", "{7F4A6182-7EFE-4F71-8B0F-698368057C15}"
EndProject
Project("{FAE04EC0-301F-11D3-BF4B-00C04F79EFBC}") = "XmlProvider", "XMLDataProvider\XmlProvider.csproj", "{B0C17085-96F9-4319-B723-DBC4931F409F}"
EndProject
Project("{FAE04EC0-301F-11D3-BF4B-00C04F79EFBC}") = "JsonProvider", "JsonProvider\JsonProvider.csproj", "{8238DE6C-A44D-4997-97AD-2A53AFD0E3B1}"
EndProject
Project("{FAE04EC0-301F-11D3-BF4B-00C04F79EFBC}") = "BinaryProvider", "BinaryProvider\BinaryProvider.csproj", "{DFE26636-2314-4532-B930-328AAC218D81}"
EndProject
Project("{2150E333-8FDC-42A3-9474-1A3956D46DE8}") = "DAL.Providers", "DAL.Providers", "{86A90016-5E8A-4492-872E-EDAE1EDD05CF}"
EndProject
Project("{FAE04EC0-301F-11D3-BF4B-00C04F79EFBC}") = "CustomProvider", "CustomProvider\CustomProvider.csproj", "{8482C7B8-4E85-4E69-951E-2522076909AC}"
EndProject
Project("{FAE04EC0-301F-11D3-BF4B-00C04F79EFBC}") = "BLL", "BLL\BLL.csproj", "{35054767-932B-4E7F-AB0F-9DB065FFB791}"
EndProject
Project("{FAE04EC0-301F-11D3-BF4B-00C04F79EFBC}") = "PL", "PL\PL.csproj", "{631E7F07-F606-401D-B0A9-F137EF86F784}"
EndProject
Project("{2150E333-8FDC-42A3-9474-1A3956D46DE8}") = "BLL.Exceptions", "BLL.Exceptions", "{2741A9A2-56AE-4038-830F-89D4ECED23EA}"
EndProject
Project("{2150E333-8FDC-42A3-9474-1A3956D46DE8}") = "BLL.Main", "BLL.Main", "{39ACD298-7B54-4BC0-93EA-B65F6F6B5C79}"
EndProject
Project("{2150E333-8FDC-42A3-9474-1A3956D46DE8}") = "DAL.Main", "DAL.Main", "{F6BB8BFD-12BC-4EE8-AABA-9A31AAEEF47A}"
EndProject
Project("{FAE04EC0-301F-11D3-BF4B-00C04F79EFBC}") = "Exceptions", "Exceptions\Exceptions.csproj", "{F6BBF575-2B98-4C90-8B78-48245372861B}"
EndProject
Project("{2150E333-8FDC-42A3-9474-1A3956D46DE8}") = "BLL.Tests", "BLL.Tests", "{809B3A3C-AD15-4B4B-9018-716B8890B290}"
EndProject
Project("{FAE04EC0-301F-11D3-BF4B-00C04F79EFBC}") = "BLL.Tests", "BLL.Tests\BLL.Tests.csproj", "{40F3334E-2AD3-4713-80DA-429899563A04}"
EndProject
Global
	GlobalSection(SolutionConfigurationPlatforms) = preSolution
		Debug|Any CPU = Debug|Any CPU
		Release|Any CPU = Release|Any CPU
	EndGlobalSection
	GlobalSection(ProjectConfigurationPlatforms) = postSolution
		{BE7053AF-19A2-4BB7-A105-8BC058D2F563}.Debug|Any CPU.ActiveCfg = Debug|Any CPU
		{BE7053AF-19A2-4BB7-A105-8BC058D2F563}.Debug|Any CPU.Build.0 = Debug|Any CPU
		{BE7053AF-19A2-4BB7-A105-8BC058D2F563}.Release|Any CPU.ActiveCfg = Release|Any CPU
		{BE7053AF-19A2-4BB7-A105-8BC058D2F563}.Release|Any CPU.Build.0 = Release|Any CPU
		{CD4226A0-15F8-4DCF-AF0B-4B5673900A93}.Debug|Any CPU.ActiveCfg = Debug|Any CPU
		{CD4226A0-15F8-4DCF-AF0B-4B5673900A93}.Debug|Any CPU.Build.0 = Debug|Any CPU
		{CD4226A0-15F8-4DCF-AF0B-4B5673900A93}.Release|Any CPU.ActiveCfg = Release|Any CPU
		{CD4226A0-15F8-4DCF-AF0B-4B5673900A93}.Release|Any CPU.Build.0 = Release|Any CPU
		{7F4A6182-7EFE-4F71-8B0F-698368057C15}.Debug|Any CPU.ActiveCfg = Debug|Any CPU
		{7F4A6182-7EFE-4F71-8B0F-698368057C15}.Debug|Any CPU.Build.0 = Debug|Any CPU
		{7F4A6182-7EFE-4F71-8B0F-698368057C15}.Release|Any CPU.ActiveCfg = Release|Any CPU
		{7F4A6182-7EFE-4F71-8B0F-698368057C15}.Release|Any CPU.Build.0 = Release|Any CPU
		{B0C17085-96F9-4319-B723-DBC4931F409F}.Debug|Any CPU.ActiveCfg = Debug|Any CPU
		{B0C17085-96F9-4319-B723-DBC4931F409F}.Debug|Any CPU.Build.0 = Debug|Any CPU
		{B0C17085-96F9-4319-B723-DBC4931F409F}.Release|Any CPU.ActiveCfg = Release|Any CPU
		{B0C17085-96F9-4319-B723-DBC4931F409F}.Release|Any CPU.Build.0 = Release|Any CPU
		{8238DE6C-A44D-4997-97AD-2A53AFD0E3B1}.Debug|Any CPU.ActiveCfg = Debug|Any CPU
		{8238DE6C-A44D-4997-97AD-2A53AFD0E3B1}.Debug|Any CPU.Build.0 = Debug|Any CPU
		{8238DE6C-A44D-4997-97AD-2A53AFD0E3B1}.Release|Any CPU.ActiveCfg = Release|Any CPU
		{8238DE6C-A44D-4997-97AD-2A53AFD0E3B1}.Release|Any CPU.Build.0 = Release|Any CPU
		{DFE26636-2314-4532-B930-328AAC218D81}.Debug|Any CPU.ActiveCfg = Debug|Any CPU
		{DFE26636-2314-4532-B930-328AAC218D81}.Debug|Any CPU.Build.0 = Debug|Any CPU
		{DFE26636-2314-4532-B930-328AAC218D81}.Release|Any CPU.ActiveCfg = Release|Any CPU
		{DFE26636-2314-4532-B930-328AAC218D81}.Release|Any CPU.Build.0 = Release|Any CPU
		{8482C7B8-4E85-4E69-951E-2522076909AC}.Debug|Any CPU.ActiveCfg = Debug|Any CPU
		{8482C7B8-4E85-4E69-951E-2522076909AC}.Debug|Any CPU.Build.0 = Debug|Any CPU
		{8482C7B8-4E85-4E69-951E-2522076909AC}.Release|Any CPU.ActiveCfg = Release|Any CPU
		{8482C7B8-4E85-4E69-951E-2522076909AC}.Release|Any CPU.Build.0 = Release|Any CPU
		{35054767-932B-4E7F-AB0F-9DB065FFB791}.Debug|Any CPU.ActiveCfg = Debug|Any CPU
		{35054767-932B-4E7F-AB0F-9DB065FFB791}.Debug|Any CPU.Build.0 = Debug|Any CPU
		{35054767-932B-4E7F-AB0F-9DB065FFB791}.Release|Any CPU.ActiveCfg = Release|Any CPU
		{35054767-932B-4E7F-AB0F-9DB065FFB791}.Release|Any CPU.Build.0 = Release|Any CPU
		{631E7F07-F606-401D-B0A9-F137EF86F784}.Debug|Any CPU.ActiveCfg = Debug|Any CPU
		{631E7F07-F606-401D-B0A9-F137EF86F784}.Debug|Any CPU.Build.0 = Debug|Any CPU
		{631E7F07-F606-401D-B0A9-F137EF86F784}.Release|Any CPU.ActiveCfg = Release|Any CPU
		{631E7F07-F606-401D-B0A9-F137EF86F784}.Release|Any CPU.Build.0 = Release|Any CPU
		{F6BBF575-2B98-4C90-8B78-48245372861B}.Debug|Any CPU.ActiveCfg = Debug|Any CPU
		{F6BBF575-2B98-4C90-8B78-48245372861B}.Debug|Any CPU.Build.0 = Debug|Any CPU
		{F6BBF575-2B98-4C90-8B78-48245372861B}.Release|Any CPU.ActiveCfg = Release|Any CPU
		{F6BBF575-2B98-4C90-8B78-48245372861B}.Release|Any CPU.Build.0 = Release|Any CPU
		{40F3334E-2AD3-4713-80DA-429899563A04}.Debug|Any CPU.ActiveCfg = Debug|Any CPU
		{40F3334E-2AD3-4713-80DA-429899563A04}.Debug|Any CPU.Build.0 = Debug|Any CPU
		{40F3334E-2AD3-4713-80DA-429899563A04}.Release|Any CPU.ActiveCfg = Release|Any CPU
		{40F3334E-2AD3-4713-80DA-429899563A04}.Release|Any CPU.Build.0 = Release|Any CPU
	EndGlobalSection
	GlobalSection(SolutionProperties) = preSolution
		HideSolutionNode = FALSE
	EndGlobalSection
	GlobalSection(NestedProjects) = preSolution
		{CD4226A0-15F8-4DCF-AF0B-4B5673900A93} = {F6BB8BFD-12BC-4EE8-AABA-9A31AAEEF47A}
		{7F4A6182-7EFE-4F71-8B0F-698368057C15} = {86A90016-5E8A-4492-872E-EDAE1EDD05CF}
		{B0C17085-96F9-4319-B723-DBC4931F409F} = {86A90016-5E8A-4492-872E-EDAE1EDD05CF}
		{8238DE6C-A44D-4997-97AD-2A53AFD0E3B1} = {86A90016-5E8A-4492-872E-EDAE1EDD05CF}
		{DFE26636-2314-4532-B930-328AAC218D81} = {86A90016-5E8A-4492-872E-EDAE1EDD05CF}
		{8482C7B8-4E85-4E69-951E-2522076909AC} = {86A90016-5E8A-4492-872E-EDAE1EDD05CF}
		{35054767-932B-4E7F-AB0F-9DB065FFB791} = {39ACD298-7B54-4BC0-93EA-B65F6F6B5C79}
		{F6BBF575-2B98-4C90-8B78-48245372861B} = {2741A9A2-56AE-4038-830F-89D4ECED23EA}
		{40F3334E-2AD3-4713-80DA-429899563A04} = {809B3A3C-AD15-4B4B-9018-716B8890B290}
	EndGlobalSection
	GlobalSection(ExtensibilityGlobals) = postSolution
		SolutionGuid = {06EBD34A-B0D1-403F-89EF-E3F171B071B9}
	EndGlobalSection
EndGlobal
